
Microsoft Visual Studio Solution File, Format Version 12.00
# Visual Studio 15
VisualStudioVersion = 15.0.28010.2046
MinimumVisualStudioVersion = 10.0.40219.1
Project("{FAE04EC0-301F-11D3-BF4B-00C04F79EFBC}") = "Day4_assignment", "Day4_assignment\Day4_assignment.csproj", "{B5740879-A2A4-47EF-AD58-473DBD3139E9}"
EndProject
Global
	GlobalSection(SolutionConfigurationPlatforms) = preSolution
		Debug|Any CPU = Debug|Any CPU
		Release|Any CPU = Release|Any CPU
	EndGlobalSection
	GlobalSection(ProjectConfigurationPlatforms) = postSolution
		{B5740879-A2A4-47EF-AD58-473DBD3139E9}.Debug|Any CPU.ActiveCfg = Debug|Any CPU
		{B5740879-A2A4-47EF-AD58-473DBD3139E9}.Debug|Any CPU.Build.0 = Debug|Any CPU
		{B5740879-A2A4-47EF-AD58-473DBD3139E9}.Release|Any CPU.ActiveCfg = Release|Any CPU
		{B5740879-A2A4-47EF-AD58-473DBD3139E9}.Release|Any CPU.Build.0 = Release|Any CPU
	EndGlobalSection
	GlobalSection(SolutionProperties) = preSolution
		HideSolutionNode = FALSE
	EndGlobalSection
	GlobalSection(ExtensibilityGlobals) = postSolution
		SolutionGuid = {E167B9B8-5641-497F-9438-2AEBB5FDDEA1}
	EndGlobalSection
EndGlobal
